
Microsoft Visual Studio Solution File, Format Version 11.00
# Visual Studio 2010
Project("{FAE04EC0-301F-11D3-BF4B-00C04F79EFBC}") = "myWebSite", "myWebSite\myWebSite.csproj", "{13E20FAC-0967-4156-AA44-37D6B7AEC624}"
EndProject
Global
	GlobalSection(SolutionConfigurationPlatforms) = preSolution
		Debug|Any CPU = Debug|Any CPU
		Release|Any CPU = Release|Any CPU
	EndGlobalSection
	GlobalSection(ProjectConfigurationPlatforms) = postSolution
		{13E20FAC-0967-4156-AA44-37D6B7AEC624}.Debug|Any CPU.ActiveCfg = Debug|Any CPU
		{13E20FAC-0967-4156-AA44-37D6B7AEC624}.Debug|Any CPU.Build.0 = Debug|Any CPU
		{13E20FAC-0967-4156-AA44-37D6B7AEC624}.Release|Any CPU.ActiveCfg = Release|Any CPU
		{13E20FAC-0967-4156-AA44-37D6B7AEC624}.Release|Any CPU.Build.0 = Release|Any CPU
	EndGlobalSection
	GlobalSection(SolutionProperties) = preSolution
		HideSolutionNode = FALSE
	EndGlobalSection
EndGlobal
